
Microsoft Visual Studio Solution File, Format Version 12.00
# Visual Studio 15
VisualStudioVersion = 15.0.26124.0
MinimumVisualStudioVersion = 15.0.26124.0
Project("{FAE04EC0-301F-11D3-BF4B-00C04F79EFBC}") = "App", "App\App.csproj", "{323687B9-780E-4270-B962-245CFDC28A39}"
EndProject
Project("{FAE04EC0-301F-11D3-BF4B-00C04F79EFBC}") = "Tests", "Tests\Tests.csproj", "{74F58007-203D-4D23-9AD6-A4072550C9F9}"
EndProject
Global
	GlobalSection(SolutionConfigurationPlatforms) = preSolution
		Debug|Any CPU = Debug|Any CPU
		Debug|x64 = Debug|x64
		Debug|x86 = Debug|x86
		Release|Any CPU = Release|Any CPU
		Release|x64 = Release|x64
		Release|x86 = Release|x86
	EndGlobalSection
	GlobalSection(SolutionProperties) = preSolution
		HideSolutionNode = FALSE
	EndGlobalSection
	GlobalSection(ProjectConfigurationPlatforms) = postSolution
		{323687B9-780E-4270-B962-245CFDC28A39}.Debug|Any CPU.ActiveCfg = Debug|Any CPU
		{323687B9-780E-4270-B962-245CFDC28A39}.Debug|Any CPU.Build.0 = Debug|Any CPU
		{323687B9-780E-4270-B962-245CFDC28A39}.Debug|x64.ActiveCfg = Debug|Any CPU
		{323687B9-780E-4270-B962-245CFDC28A39}.Debug|x64.Build.0 = Debug|Any CPU
		{323687B9-780E-4270-B962-245CFDC28A39}.Debug|x86.ActiveCfg = Debug|Any CPU
		{323687B9-780E-4270-B962-245CFDC28A39}.Debug|x86.Build.0 = Debug|Any CPU
		{323687B9-780E-4270-B962-245CFDC28A39}.Release|Any CPU.ActiveCfg = Release|Any CPU
		{323687B9-780E-4270-B962-245CFDC28A39}.Release|Any CPU.Build.0 = Release|Any CPU
		{323687B9-780E-4270-B962-245CFDC28A39}.Release|x64.ActiveCfg = Release|Any CPU
		{323687B9-780E-4270-B962-245CFDC28A39}.Release|x64.Build.0 = Release|Any CPU
		{323687B9-780E-4270-B962-245CFDC28A39}.Release|x86.ActiveCfg = Release|Any CPU
		{323687B9-780E-4270-B962-245CFDC28A39}.Release|x86.Build.0 = Release|Any CPU
		{74F58007-203D-4D23-9AD6-A4072550C9F9}.Debug|Any CPU.ActiveCfg = Debug|Any CPU
		{74F58007-203D-4D23-9AD6-A4072550C9F9}.Debug|Any CPU.Build.0 = Debug|Any CPU
		{74F58007-203D-4D23-9AD6-A4072550C9F9}.Debug|x64.ActiveCfg = Debug|Any CPU
		{74F58007-203D-4D23-9AD6-A4072550C9F9}.Debug|x64.Build.0 = Debug|Any CPU
		{74F58007-203D-4D23-9AD6-A4072550C9F9}.Debug|x86.ActiveCfg = Debug|Any CPU
		{74F58007-203D-4D23-9AD6-A4072550C9F9}.Debug|x86.Build.0 = Debug|Any CPU
		{74F58007-203D-4D23-9AD6-A4072550C9F9}.Release|Any CPU.ActiveCfg = Release|Any CPU
		{74F58007-203D-4D23-9AD6-A4072550C9F9}.Release|Any CPU.Build.0 = Release|Any CPU
		{74F58007-203D-4D23-9AD6-A4072550C9F9}.Release|x64.ActiveCfg = Release|Any CPU
		{74F58007-203D-4D23-9AD6-A4072550C9F9}.Release|x64.Build.0 = Release|Any CPU
		{74F58007-203D-4D23-9AD6-A4072550C9F9}.Release|x86.ActiveCfg = Release|Any CPU
		{74F58007-203D-4D23-9AD6-A4072550C9F9}.Release|x86.Build.0 = Release|Any CPU
	EndGlobalSection
EndGlobal
